// !$*UTF8*$!
{
	archiveVersion = 1;
	classes = {
	};
	objectVersion = 46;
	objects = {

/* Begin PBXBuildFile section */
		FA5F713B1D2458BB00224C9A /* ResultsViewController.swift in Sources */ = {isa = PBXBuildFile; fileRef = FA5F713A1D2458BB00224C9A /* ResultsViewController.swift */; };
		FAE85A5F1D22F5BE00D9EE46 /* AppDelegate.swift in Sources */ = {isa = PBXBuildFile; fileRef = FAE85A5E1D22F5BE00D9EE46 /* AppDelegate.swift */; };
		FAE85A611D22F5BE00D9EE46 /* ChoiceViewController.swift in Sources */ = {isa = PBXBuildFile; fileRef = FAE85A601D22F5BE00D9EE46 /* ChoiceViewController.swift */; };
		FAE85A641D22F5BE00D9EE46 /* Main.storyboard in Resources */ = {isa = PBXBuildFile; fileRef = FAE85A621D22F5BE00D9EE46 /* Main.storyboard */; };
		FAE85A661D22F5BE00D9EE46 /* Assets.xcassets in Resources */ = {isa = PBXBuildFile; fileRef = FAE85A651D22F5BE00D9EE46 /* Assets.xcassets */; };
		FAE85A691D22F5BE00D9EE46 /* LaunchScreen.storyboard in Resources */ = {isa = PBXBuildFile; fileRef = FAE85A671D22F5BE00D9EE46 /* LaunchScreen.storyboard */; };
		FAE85A741D22F5BE00D9EE46 /* RockPaperScissorLizardSpockTests.swift in Sources */ = {isa = PBXBuildFile; fileRef = FAE85A731D22F5BE00D9EE46 /* RockPaperScissorLizardSpockTests.swift */; };
		FAE85A7F1D22F5BE00D9EE46 /* RockPaperScissorLizardSpockUITests.swift in Sources */ = {isa = PBXBuildFile; fileRef = FAE85A7E1D22F5BE00D9EE46 /* RockPaperScissorLizardSpockUITests.swift */; };
/* End PBXBuildFile section */

/* Begin PBXContainerItemProxy section */
		FAE85A701D22F5BE00D9EE46 /* PBXContainerItemProxy */ = {
			isa = PBXContainerItemProxy;
			containerPortal = FAE85A531D22F5BE00D9EE46 /* Project object */;
			proxyType = 1;
			remoteGlobalIDString = FAE85A5A1D22F5BE00D9EE46;
			remoteInfo = RockPaperScissor;
		};
		FAE85A7B1D22F5BE00D9EE46 /* PBXContainerItemProxy */ = {
			isa = PBXContainerItemProxy;
			containerPortal = FAE85A531D22F5BE00D9EE46 /* Project object */;
			proxyType = 1;
			remoteGlobalIDString = FAE85A5A1D22F5BE00D9EE46;
			remoteInfo = RockPaperScissor;
		};
/* End PBXContainerItemProxy section */

/* Begin PBXFileReference section */
		FA5F713A1D2458BB00224C9A /* ResultsViewController.swift */ = {isa = PBXFileReference; fileEncoding = 4; lastKnownFileType = sourcecode.swift; path = ResultsViewController.swift; sourceTree = "<group>"; };
		FAE85A5B1D22F5BE00D9EE46 /* RockPaperScissorsLizardSpock.app */ = {isa = PBXFileReference; explicitFileType = wrapper.application; includeInIndex = 0; path = RockPaperScissorsLizardSpock.app; sourceTree = BUILT_PRODUCTS_DIR; };
		FAE85A5E1D22F5BE00D9EE46 /* AppDelegate.swift */ = {isa = PBXFileReference; lastKnownFileType = sourcecode.swift; path = AppDelegate.swift; sourceTree = "<group>"; };
		FAE85A601D22F5BE00D9EE46 /* ChoiceViewController.swift */ = {isa = PBXFileReference; lastKnownFileType = sourcecode.swift; path = ChoiceViewController.swift; sourceTree = "<group>"; };
		FAE85A631D22F5BE00D9EE46 /* Base */ = {isa = PBXFileReference; lastKnownFileType = file.storyboard; name = Base; path = Base.lproj/Main.storyboard; sourceTree = "<group>"; };
		FAE85A651D22F5BE00D9EE46 /* Assets.xcassets */ = {isa = PBXFileReference; lastKnownFileType = folder.assetcatalog; path = Assets.xcassets; sourceTree = "<group>"; };
		FAE85A681D22F5BE00D9EE46 /* Base */ = {isa = PBXFileReference; lastKnownFileType = file.storyboard; name = Base; path = Base.lproj/LaunchScreen.storyboard; sourceTree = "<group>"; };
		FAE85A6A1D22F5BE00D9EE46 /* Info.plist */ = {isa = PBXFileReference; lastKnownFileType = text.plist.xml; path = Info.plist; sourceTree = "<group>"; };
		FAE85A6F1D22F5BE00D9EE46 /* RockPaperScissorsLizardSpock.xctest */ = {isa = PBXFileReference; explicitFileType = wrapper.cfbundle; includeInIndex = 0; path = RockPaperScissorsLizardSpock.xctest; sourceTree = BUILT_PRODUCTS_DIR; };
		FAE85A731D22F5BE00D9EE46 /* RockPaperScissorLizardSpockTests.swift */ = {isa = PBXFileReference; lastKnownFileType = sourcecode.swift; path = RockPaperScissorLizardSpockTests.swift; sourceTree = "<group>"; };
		FAE85A751D22F5BE00D9EE46 /* Info.plist */ = {isa = PBXFileReference; lastKnownFileType = text.plist.xml; path = Info.plist; sourceTree = "<group>"; };
		FAE85A7A1D22F5BE00D9EE46 /* RockPaperScissorsLizardSpock.xctest */ = {isa = PBXFileReference; explicitFileType = wrapper.cfbundle; includeInIndex = 0; path = RockPaperScissorsLizardSpock.xctest; sourceTree = BUILT_PRODUCTS_DIR; };
		FAE85A7E1D22F5BE00D9EE46 /* RockPaperScissorLizardSpockUITests.swift */ = {isa = PBXFileReference; lastKnownFileType = sourcecode.swift; path = RockPaperScissorLizardSpockUITests.swift; sourceTree = "<group>"; };
		FAE85A801D22F5BE00D9EE46 /* Info.plist */ = {isa = PBXFileReference; lastKnownFileType = text.plist.xml; path = Info.plist; sourceTree = "<group>"; };
/* End PBXFileReference section */

/* Begin PBXFrameworksBuildPhase section */
		FAE85A581D22F5BE00D9EE46 /* Frameworks */ = {
			isa = PBXFrameworksBuildPhase;
			buildActionMask = 2147483647;
			files = (
			);
			runOnlyForDeploymentPostprocessing = 0;
		};
		FAE85A6C1D22F5BE00D9EE46 /* Frameworks */ = {
			isa = PBXFrameworksBuildPhase;
			buildActionMask = 2147483647;
			files = (
			);
			runOnlyForDeploymentPostprocessing = 0;
		};
		FAE85A771D22F5BE00D9EE46 /* Frameworks */ = {
			isa = PBXFrameworksBuildPhase;
			buildActionMask = 2147483647;
			files = (
			);
			runOnlyForDeploymentPostprocessing = 0;
		};
/* End PBXFrameworksBuildPhase section */

/* Begin PBXGroup section */
		FAE85A521D22F5BE00D9EE46 = {
			isa = PBXGroup;
			children = (
				FAE85A5D1D22F5BE00D9EE46 /* RockPaperScissorsLizardSpock */,
				FAE85A721D22F5BE00D9EE46 /* RockPaperScissorsLizardSpockTests */,
				FAE85A7D1D22F5BE00D9EE46 /* RockPaperScissorsLizardSpockUITests */,
				FAE85A5C1D22F5BE00D9EE46 /* Products */,
			);
			sourceTree = "<group>";
		};
		FAE85A5C1D22F5BE00D9EE46 /* Products */ = {
			isa = PBXGroup;
			children = (
				FAE85A5B1D22F5BE00D9EE46 /* RockPaperScissorsLizardSpock.app */,
				FAE85A6F1D22F5BE00D9EE46 /* RockPaperScissorsLizardSpock.xctest */,
				FAE85A7A1D22F5BE00D9EE46 /* RockPaperScissorsLizardSpock.xctest */,
			);
			name = Products;
			sourceTree = "<group>";
		};
		FAE85A5D1D22F5BE00D9EE46 /* RockPaperScissorsLizardSpock */ = {
			isa = PBXGroup;
			children = (
				FAE85A5E1D22F5BE00D9EE46 /* AppDelegate.swift */,
				FAE85A621D22F5BE00D9EE46 /* Main.storyboard */,
				FAE85A601D22F5BE00D9EE46 /* ChoiceViewController.swift */,
				FA5F713A1D2458BB00224C9A /* ResultsViewController.swift */,
				FAE85A651D22F5BE00D9EE46 /* Assets.xcassets */,
				FAE85A671D22F5BE00D9EE46 /* LaunchScreen.storyboard */,
				FAE85A6A1D22F5BE00D9EE46 /* Info.plist */,
			);
			name = RockPaperScissorsLizardSpock;
			path = RockPaperScissor;
			sourceTree = "<group>";
		};
		FAE85A721D22F5BE00D9EE46 /* RockPaperScissorsLizardSpockTests */ = {
			isa = PBXGroup;
			children = (
				FAE85A731D22F5BE00D9EE46 /* RockPaperScissorLizardSpockTests.swift */,
				FAE85A751D22F5BE00D9EE46 /* Info.plist */,
			);
			name = RockPaperScissorsLizardSpockTests;
			path = RockPaperScissorTests;
			sourceTree = "<group>";
		};
		FAE85A7D1D22F5BE00D9EE46 /* RockPaperScissorsLizardSpockUITests */ = {
			isa = PBXGroup;
			children = (
				FAE85A7E1D22F5BE00D9EE46 /* RockPaperScissorLizardSpockUITests.swift */,
				FAE85A801D22F5BE00D9EE46 /* Info.plist */,
			);
			name = RockPaperScissorsLizardSpockUITests;
			path = RockPaperScissorUITests;
			sourceTree = "<group>";
		};
/* End PBXGroup section */

/* Begin PBXNativeTarget section */
		FAE85A5A1D22F5BE00D9EE46 /* RockPaperScissorsLizardSpock */ = {
			isa = PBXNativeTarget;
			buildConfigurationList = FAE85A831D22F5BE00D9EE46 /* Build configuration list for PBXNativeTarget "RockPaperScissorsLizardSpock" */;
			buildPhases = (
				FAE85A571D22F5BE00D9EE46 /* Sources */,
				FAE85A581D22F5BE00D9EE46 /* Frameworks */,
				FAE85A591D22F5BE00D9EE46 /* Resources */,
			);
			buildRules = (
			);
			dependencies = (
			);
			name = RockPaperScissorsLizardSpock;
			productName = RockPaperScissor;
			productReference = FAE85A5B1D22F5BE00D9EE46 /* RockPaperScissorsLizardSpock.app */;
			productType = "com.apple.product-type.application";
		};
		FAE85A6E1D22F5BE00D9EE46 /* RockPaperScissorsLizardSpockTests */ = {
			isa = PBXNativeTarget;
			buildConfigurationList = FAE85A861D22F5BE00D9EE46 /* Build configuration list for PBXNativeTarget "RockPaperScissorsLizardSpockTests" */;
			buildPhases = (
				FAE85A6B1D22F5BE00D9EE46 /* Sources */,
				FAE85A6C1D22F5BE00D9EE46 /* Frameworks */,
				FAE85A6D1D22F5BE00D9EE46 /* Resources */,
			);
			buildRules = (
			);
			dependencies = (
				FAE85A711D22F5BE00D9EE46 /* PBXTargetDependency */,
			);
			name = RockPaperScissorsLizardSpockTests;
			productName = RockPaperScissorTests;
			productReference = FAE85A6F1D22F5BE00D9EE46 /* RockPaperScissorsLizardSpock.xctest */;
			productType = "com.apple.product-type.bundle.unit-test";
		};
		FAE85A791D22F5BE00D9EE46 /* RockPaperScissorsLizardSpockUITests */ = {
			isa = PBXNativeTarget;
			buildConfigurationList = FAE85A891D22F5BE00D9EE46 /* Build configuration list for PBXNativeTarget "RockPaperScissorsLizardSpockUITests" */;
			buildPhases = (
				FAE85A761D22F5BE00D9EE46 /* Sources */,
				FAE85A771D22F5BE00D9EE46 /* Frameworks */,
				FAE85A781D22F5BE00D9EE46 /* Resources */,
			);
			buildRules = (
			);
			dependencies = (
				FAE85A7C1D22F5BE00D9EE46 /* PBXTargetDependency */,
			);
			name = RockPaperScissorsLizardSpockUITests;
			productName = RockPaperScissorUITests;
			productReference = FAE85A7A1D22F5BE00D9EE46 /* RockPaperScissorsLizardSpock.xctest */;
			productType = "com.apple.product-type.bundle.ui-testing";
		};
/* End PBXNativeTarget section */

/* Begin PBXProject section */
		FAE85A531D22F5BE00D9EE46 /* Project object */ = {
			isa = PBXProject;
			attributes = {
				LastSwiftUpdateCheck = 0730;
				LastUpgradeCheck = 0730;
				ORGANIZATIONNAME = "Alex Perez";
				TargetAttributes = {
					FAE85A5A1D22F5BE00D9EE46 = {
						CreatedOnToolsVersion = 7.3.1;
						DevelopmentTeam = D49EEF4RK2;
					};
					FAE85A6E1D22F5BE00D9EE46 = {
						CreatedOnToolsVersion = 7.3.1;
						TestTargetID = FAE85A5A1D22F5BE00D9EE46;
					};
					FAE85A791D22F5BE00D9EE46 = {
						CreatedOnToolsVersion = 7.3.1;
						TestTargetID = FAE85A5A1D22F5BE00D9EE46;
					};
				};
			};
			buildConfigurationList = FAE85A561D22F5BE00D9EE46 /* Build configuration list for PBXProject "RockPaperScissorsLizardSpock" */;
			compatibilityVersion = "Xcode 3.2";
			developmentRegion = English;
			hasScannedForEncodings = 0;
			knownRegions = (
				en,
				Base,
			);
			mainGroup = FAE85A521D22F5BE00D9EE46;
			productRefGroup = FAE85A5C1D22F5BE00D9EE46 /* Products */;
			projectDirPath = "";
			projectRoot = "";
			targets = (
				FAE85A5A1D22F5BE00D9EE46 /* RockPaperScissorsLizardSpock */,
				FAE85A6E1D22F5BE00D9EE46 /* RockPaperScissorsLizardSpockTests */,
				FAE85A791D22F5BE00D9EE46 /* RockPaperScissorsLizardSpockUITests */,
			);
		};
/* End PBXProject section */

/* Begin PBXResourcesBuildPhase section */
		FAE85A591D22F5BE00D9EE46 /* Resources */ = {
			isa = PBXResourcesBuildPhase;
			buildActionMask = 2147483647;
			files = (
				FAE85A691D22F5BE00D9EE46 /* LaunchScreen.storyboard in Resources */,
				FAE85A661D22F5BE00D9EE46 /* Assets.xcassets in Resources */,
				FAE85A641D22F5BE00D9EE46 /* Main.storyboard in Resources */,
			);
			runOnlyForDeploymentPostprocessing = 0;
		};
		FAE85A6D1D22F5BE00D9EE46 /* Resources */ = {
			isa = PBXResourcesBuildPhase;
			buildActionMask = 2147483647;
			files = (
			);
			runOnlyForDeploymentPostprocessing = 0;
		};
		FAE85A781D22F5BE00D9EE46 /* Resources */ = {
			isa = PBXResourcesBuildPhase;
			buildActionMask = 2147483647;
			files = (
			);
			runOnlyForDeploymentPostprocessing = 0;
		};
/* End PBXResourcesBuildPhase section */

/* Begin PBXSourcesBuildPhase section */
		FAE85A571D22F5BE00D9EE46 /* Sources */ = {
			isa = PBXSourcesBuildPhase;
			buildActionMask = 2147483647;
			files = (
				FAE85A611D22F5BE00D9EE46 /* ChoiceViewController.swift in Sources */,
				FAE85A5F1D22F5BE00D9EE46 /* AppDelegate.swift in Sources */,
				FA5F713B1D2458BB00224C9A /* ResultsViewController.swift in Sources */,
			);
			runOnlyForDeploymentPostprocessing = 0;
		};
		FAE85A6B1D22F5BE00D9EE46 /* Sources */ = {
			isa = PBXSourcesBuildPhase;
			buildActionMask = 2147483647;
			files = (
				FAE85A741D22F5BE00D9EE46 /* RockPaperScissorLizardSpockTests.swift in Sources */,
			);
			runOnlyForDeploymentPostprocessing = 0;
		};
		FAE85A761D22F5BE00D9EE46 /* Sources */ = {
			isa = PBXSourcesBuildPhase;
			buildActionMask = 2147483647;
			files = (
				FAE85A7F1D22F5BE00D9EE46 /* RockPaperScissorLizardSpockUITests.swift in Sources */,
			);
			runOnlyForDeploymentPostprocessing = 0;
		};
/* End PBXSourcesBuildPhase section */

/* Begin PBXTargetDependency section */
		FAE85A711D22F5BE00D9EE46 /* PBXTargetDependency */ = {
			isa = PBXTargetDependency;
			target = FAE85A5A1D22F5BE00D9EE46 /* RockPaperScissorsLizardSpock */;
			targetProxy = FAE85A701D22F5BE00D9EE46 /* PBXContainerItemProxy */;
		};
		FAE85A7C1D22F5BE00D9EE46 /* PBXTargetDependency */ = {
			isa = PBXTargetDependency;
			target = FAE85A5A1D22F5BE00D9EE46 /* RockPaperScissorsLizardSpock */;
			targetProxy = FAE85A7B1D22F5BE00D9EE46 /* PBXContainerItemProxy */;
		};
/* End PBXTargetDependency section */

/* Begin PBXVariantGroup section */
		FAE85A621D22F5BE00D9EE46 /* Main.storyboard */ = {
			isa = PBXVariantGroup;
			children = (
				FAE85A631D22F5BE00D9EE46 /* Base */,
			);
			name = Main.storyboard;
			sourceTree = "<group>";
		};
		FAE85A671D22F5BE00D9EE46 /* LaunchScreen.storyboard */ = {
			isa = PBXVariantGroup;
			children = (
				FAE85A681D22F5BE00D9EE46 /* Base */,
			);
			name = LaunchScreen.storyboard;
			sourceTree = "<group>";
		};
/* End PBXVariantGroup section */

/* Begin XCBuildConfiguration section */
		FAE85A811D22F5BE00D9EE46 /* Debug */ = {
			isa = XCBuildConfiguration;
			buildSettings = {
				ALWAYS_SEARCH_USER_PATHS = NO;
				CLANG_ANALYZER_NONNULL = YES;
				CLANG_CXX_LANGUAGE_STANDARD = "gnu++0x";
				CLANG_CXX_LIBRARY = "libc++";
				CLANG_ENABLE_MODULES = YES;
				CLANG_ENABLE_OBJC_ARC = YES;
				CLANG_WARN_BOOL_CONVERSION = YES;
				CLANG_WARN_CONSTANT_CONVERSION = YES;
				CLANG_WARN_DIRECT_OBJC_ISA_USAGE = YES_ERROR;
				CLANG_WARN_EMPTY_BODY = YES;
				CLANG_WARN_ENUM_CONVERSION = YES;
				CLANG_WARN_INT_CONVERSION = YES;
				CLANG_WARN_OBJC_ROOT_CLASS = YES_ERROR;
				CLANG_WARN_UNREACHABLE_CODE = YES;
				CLANG_WARN__DUPLICATE_METHOD_MATCH = YES;
				"CODE_SIGN_IDENTITY[sdk=iphoneos*]" = "iPhone Developer";
				COPY_PHASE_STRIP = NO;
				DEBUG_INFORMATION_FORMAT = dwarf;
				ENABLE_STRICT_OBJC_MSGSEND = YES;
				ENABLE_TESTABILITY = YES;
				GCC_C_LANGUAGE_STANDARD = gnu99;
				GCC_DYNAMIC_NO_PIC = NO;
				GCC_NO_COMMON_BLOCKS = YES;
				GCC_OPTIMIZATION_LEVEL = 0;
				GCC_PREPROCESSOR_DEFINITIONS = (
					"DEBUG=1",
					"$(inherited)",
				);
				GCC_WARN_64_TO_32_BIT_CONVERSION = YES;
				GCC_WARN_ABOUT_RETURN_TYPE = YES_ERROR;
				GCC_WARN_UNDECLARED_SELECTOR = YES;
				GCC_WARN_UNINITIALIZED_AUTOS = YES_AGGRESSIVE;
				GCC_WARN_UNUSED_FUNCTION = YES;
				GCC_WARN_UNUSED_VARIABLE = YES;
				IPHONEOS_DEPLOYMENT_TARGET = 9.3;
				MTL_ENABLE_DEBUG_INFO = YES;
				ONLY_ACTIVE_ARCH = YES;
				SDKROOT = iphoneos;
				SWIFT_OPTIMIZATION_LEVEL = "-Onone";
				TARGETED_DEVICE_FAMILY = "1,2";
			};
			name = Debug;
		};
		FAE85A821D22F5BE00D9EE46 /* Release */ = {
			isa = XCBuildConfiguration;
			buildSettings = {
				ALWAYS_SEARCH_USER_PATHS = NO;
				CLANG_ANALYZER_NONNULL = YES;
				CLANG_CXX_LANGUAGE_STANDARD = "gnu++0x";
				CLANG_CXX_LIBRARY = "libc++";
				CLANG_ENABLE_MODULES = YES;
				CLANG_ENABLE_OBJC_ARC = YES;
				CLANG_WARN_BOOL_CONVERSION = YES;
				CLANG_WARN_CONSTANT_CONVERSION = YES;
				CLANG_WARN_DIRECT_OBJC_ISA_USAGE = YES_ERROR;
				CLANG_WARN_EMPTY_BODY = YES;
				CLANG_WARN_ENUM_CONVERSION = YES;
				CLANG_WARN_INT_CONVERSION = YES;
				CLANG_WARN_OBJC_ROOT_CLASS = YES_ERROR;
				CLANG_WARN_UNREACHABLE_CODE = YES;
				CLANG_WARN__DUPLICATE_METHOD_MATCH = YES;
				"CODE_SIGN_IDENTITY[sdk=iphoneos*]" = "iPhone Developer";
				COPY_PHASE_STRIP = NO;
				DEBUG_INFORMATION_FORMAT = "dwarf-with-dsym";
				ENABLE_NS_ASSERTIONS = NO;
				ENABLE_STRICT_OBJC_MSGSEND = YES;
				GCC_C_LANGUAGE_STANDARD = gnu99;
				GCC_NO_COMMON_BLOCKS = YES;
				GCC_WARN_64_TO_32_BIT_CONVERSION = YES;
				GCC_WARN_ABOUT_RETURN_TYPE = YES_ERROR;
				GCC_WARN_UNDECLARED_SELECTOR = YES;
				GCC_WARN_UNINITIALIZED_AUTOS = YES_AGGRESSIVE;
				GCC_WARN_UNUSED_FUNCTION = YES;
				GCC_WARN_UNUSED_VARIABLE = YES;
				IPHONEOS_DEPLOYMENT_TARGET = 9.3;
				MTL_ENABLE_DEBUG_INFO = NO;
				SDKROOT = iphoneos;
				TARGETED_DEVICE_FAMILY = "1,2";
				VALIDATE_PRODUCT = YES;
			};
			name = Release;
		};
		FAE85A841D22F5BE00D9EE46 /* Debug */ = {
			isa = XCBuildConfiguration;
			buildSettings = {
				ASSETCATALOG_COMPILER_APPICON_NAME = AppIcon;
				CODE_SIGN_IDENTITY = "iPhone Developer";
				"CODE_SIGN_IDENTITY[sdk=iphoneos*]" = "iPhone Developer";
				INFOPLIST_FILE = RockPaperScissor/Info.plist;
				IPHONEOS_DEPLOYMENT_TARGET = 8.4;
				LD_RUNPATH_SEARCH_PATHS = "$(inherited) @executable_path/Frameworks";
				PRODUCT_BUNDLE_IDENTIFIER = com.happylion.RockPaperScissorsLizardSpock;
				PRODUCT_NAME = RockPaperScissorsLizardSpock;
				PROVISIONING_PROFILE = "";
			};
			name = Debug;
		};
		FAE85A851D22F5BE00D9EE46 /* Release */ = {
			isa = XCBuildConfiguration;
			buildSettings = {
				ASSETCATALOG_COMPILER_APPICON_NAME = AppIcon;
				CODE_SIGN_IDENTITY = "iPhone Developer";
				"CODE_SIGN_IDENTITY[sdk=iphoneos*]" = "iPhone Developer";
				INFOPLIST_FILE = RockPaperScissor/Info.plist;
				IPHONEOS_DEPLOYMENT_TARGET = 8.4;
				LD_RUNPATH_SEARCH_PATHS = "$(inherited) @executable_path/Frameworks";
				PRODUCT_BUNDLE_IDENTIFIER = com.happylion.RockPaperScissorsLizardSpock;
				PRODUCT_NAME = RockPaperScissorsLizardSpock;
				PROVISIONING_PROFILE = "";
			};
			name = Release;
		};
		FAE85A871D22F5BE00D9EE46 /* Debug */ = {
			isa = XCBuildConfiguration;
			buildSettings = {
				BUNDLE_LOADER = "$(TEST_HOST)";
				INFOPLIST_FILE = RockPaperScissorTests/Info.plist;
				LD_RUNPATH_SEARCH_PATHS = "$(inherited) @executable_path/Frameworks @loader_path/Frameworks";
				PRODUCT_BUNDLE_IDENTIFIER = com.happylion.RockPaperScissorTests;
				PRODUCT_NAME = RockPaperScissorsLizardSpock;
				TEST_HOST = "$(BUILT_PRODUCTS_DIR)/RockPaperScissorsLizardSpock.app/RockPaperScissorsLizardSpock";
			};
			name = Debug;
		};
		FAE85A881D22F5BE00D9EE46 /* Release */ = {
			isa = XCBuildConfiguration;
			buildSettings = {
				BUNDLE_LOADER = "$(TEST_HOST)";
				INFOPLIST_FILE = RockPaperScissorTests/Info.plist;
				LD_RUNPATH_SEARCH_PATHS = "$(inherited) @executable_path/Frameworks @loader_path/Frameworks";
				PRODUCT_BUNDLE_IDENTIFIER = com.happylion.RockPaperScissorTests;
				PRODUCT_NAME = RockPaperScissorsLizardSpock;
				TEST_HOST = "$(BUILT_PRODUCTS_DIR)/RockPaperScissorsLizardSpock.app/RockPaperScissorsLizardSpock";
			};
			name = Release;
		};
		FAE85A8A1D22F5BE00D9EE46 /* Debug */ = {
			isa = XCBuildConfiguration;
			buildSettings = {
				INFOPLIST_FILE = RockPaperScissorUITests/Info.plist;
				LD_RUNPATH_SEARCH_PATHS = "$(inherited) @executable_path/Frameworks @loader_path/Frameworks";
				PRODUCT_BUNDLE_IDENTIFIER = com.happylion.RockPaperScissorUITests;
				PRODUCT_NAME = RockPaperScissorsLizardSpock;
				TEST_TARGET_NAME = RockPaperScissor;
			};
			name = Debug;
		};
		FAE85A8B1D22F5BE00D9EE46 /* Release */ = {
			isa = XCBuildConfiguration;
			buildSettings = {
				INFOPLIST_FILE = RockPaperScissorUITests/Info.plist;
				LD_RUNPATH_SEARCH_PATHS = "$(inherited) @executable_path/Frameworks @loader_path/Frameworks";
				PRODUCT_BUNDLE_IDENTIFIER = com.happylion.RockPaperScissorUITests;
				PRODUCT_NAME = RockPaperScissorsLizardSpock;
				TEST_TARGET_NAME = RockPaperScissor;
			};
			name = Release;
		};
/* End XCBuildConfiguration section */

/* Begin XCConfigurationList section */
		FAE85A561D22F5BE00D9EE46 /* Build configuration list for PBXProject "RockPaperScissorsLizardSpock" */ = {
			isa = XCConfigurationList;
			buildConfigurations = (
				FAE85A811D22F5BE00D9EE46 /* Debug */,
				FAE85A821D22F5BE00D9EE46 /* Release */,
			);
			defaultConfigurationIsVisible = 0;
			defaultConfigurationName = Release;
		};
		FAE85A831D22F5BE00D9EE46 /* Build configuration list for PBXNativeTarget "RockPaperScissorsLizardSpock" */ = {
			isa = XCConfigurationList;
			buildConfigurations = (
				FAE85A841D22F5BE00D9EE46 /* Debug */,
				FAE85A851D22F5BE00D9EE46 /* Release */,
			);
			defaultConfigurationIsVisible = 0;
			defaultConfigurationName = Release;
		};
		FAE85A861D22F5BE00D9EE46 /* Build configuration list for PBXNativeTarget "RockPaperScissorsLizardSpockTests" */ = {
			isa = XCConfigurationList;
			buildConfigurations = (
				FAE85A871D22F5BE00D9EE46 /* Debug */,
				FAE85A881D22F5BE00D9EE46 /* Release */,
			);
			defaultConfigurationIsVisible = 0;
			defaultConfigurationName = Release;
		};
		FAE85A891D22F5BE00D9EE46 /* Build configuration list for PBXNativeTarget "RockPaperScissorsLizardSpockUITests" */ = {
			isa = XCConfigurationList;
			buildConfigurations = (
				FAE85A8A1D22F5BE00D9EE46 /* Debug */,
				FAE85A8B1D22F5BE00D9EE46 /* Release */,
			);
			defaultConfigurationIsVisible = 0;
			defaultConfigurationName = Release;
		};
/* End XCConfigurationList section */
	};
	rootObject = FAE85A531D22F5BE00D9EE46 /* Project object */;
}
